schema: '2.0'
stages:
  data_preprocessing:
    cmd: python preprocess_stage.py
    deps:
    - path: ../../../../../data
      hash: md5
      md5: 53330c0085ee4d351c56e940dc13efef.dir
      size: 124761708
      nfiles: 7
    - path: ../../../../../src/data/preprocessing.py
      hash: md5
      md5: c5c337778afb925c1e0d3a3d9d9da6cb
      size: 2160
    - path: preprocess_stage.py
      hash: md5
      md5: 7d66c723f459fc1c17ae2a7b376405bb
      size: 1814
    params:
      params.yaml:
        data_dir: exp_data
        family: AUTOMOTIVE
        store_nbr: 5
        validate_data_date: 01-01-2017
    outs:
    - path: exp_data
      hash: md5
      md5: bd56a995cac454cc87b575bdc2344bba.dir
      size: 77465
      nfiles: 3
  model_evaluation:
    cmd: python evaluation_stage.py
    deps:
    - path: ../../../../../src/poisson
      hash: md5
      md5: 5516ba768a49a0208f1c6d7066aa1253.dir
      size: 35529
      nfiles: 9
    - path: evaluation_stage.py
      hash: md5
      md5: b83bf49571a46e10290a7e4945fcfdc9
      size: 5646
    - path: exp_data
      hash: md5
      md5: bd56a995cac454cc87b575bdc2344bba.dir
      size: 77465
      nfiles: 3
    params:
      params.yaml:
        WD: ../../../../..
        data_dir: exp_data
        eval_results_dir: results
        family: AUTOMOTIVE
        grad_tol: 0.1
        lr: 0.1
        max_epochs: 60
        momentum: 0.2
        poly_ord: 2
        store_nbr: 5
        validate_data_date: 01-01-2017
    outs:
    - path: results
      hash: md5
      md5: 420ca9148ce3ec32b45d3b4cec3099dc.dir
      size: 257762
      nfiles: 7
