schema: '2.0'
stages:
  data_preprocessing:
    cmd: python preprocess_stage.py
    deps:
    - path: ../../../../../data
      hash: md5
      md5: 53330c0085ee4d351c56e940dc13efef.dir
      size: 124761708
      nfiles: 7
    - path: ../../../../../src/data/preprocessing.py
      hash: md5
      md5: c5c337778afb925c1e0d3a3d9d9da6cb
      size: 2160
    - path: preprocess_stage.py
      hash: md5
      md5: 7d66c723f459fc1c17ae2a7b376405bb
      size: 1814
    params:
      params.yaml:
        data_dir: exp_data
        family: AUTOMOTIVE
        store_nbr: 1
        validate_data_date: 01-01-2017
    outs:
    - path: exp_data
      hash: md5
      md5: 2ca943f5d5b0bc5454b946275fbe086b.dir
      size: 77113
      nfiles: 3
  model_evaluation:
    cmd: python evaluation_stage.py
    deps:
    - path: ../../../../../src/poisson
      hash: md5
      md5: 5516ba768a49a0208f1c6d7066aa1253.dir
      size: 35529
      nfiles: 9
    - path: evaluation_stage.py
      hash: md5
      md5: c9f1f5f91580d8d6283858ccc1c081bc
      size: 5019
    - path: exp_data
      hash: md5
      md5: 2ca943f5d5b0bc5454b946275fbe086b.dir
      size: 77113
      nfiles: 3
    params:
      params.yaml:
        WD: /home/cyrill/store_sales/
        data_dir: exp_data
        eval_results_dir: results
        family: AUTOMOTIVE
        grad_tol: 1
        lr: 0.01
        max_epochs: 50
        model_ord: 20
        store_nbr: 1
        validate_data_date: 01-01-2017
    outs:
    - path: results
      hash: md5
      md5: 8933fe3f0d0f66cf2a0a4b8f14cfa52b.dir
      size: 1228973
      nfiles: 16
